// !$*UTF8*$!
{
	archiveVersion = 1;
	classes = {
	};
	objectVersion = 77;
	objects = {

/* Begin PBXBuildFile section */
		5AAC00012F70000100000003 /* Sparkle in Frameworks */ = {isa = PBXBuildFile; productRef = 5AAC00012F70000100000002 /* Sparkle */; };
		7A271B0B2F6FA8D000427CF9 /* KeypunchKeyboardShortcuts in Frameworks */ = {isa = PBXBuildFile; productRef = 7A271B0D2F6FA8D000427CF9 /* KeypunchKeyboardShortcuts */; };
		7A271B0C2F6FA8D000427CF9 /* KeypunchKeyboardShortcuts in Frameworks */ = {isa = PBXBuildFile; productRef = 7A271B0E2F6FA8D000427CF9 /* KeypunchKeyboardShortcuts */; };
		7A271B0F2F6FB1B700427CF9 /* KeyboardShortcuts in Frameworks */ = {isa = PBXBuildFile; productRef = 7A271B112F6FB1B700427CF9 /* KeyboardShortcuts */; };
		7A271B102F6FB1B700427CF9 /* KeyboardShortcuts in Frameworks */ = {isa = PBXBuildFile; productRef = 7A271B122F6FB1B700427CF9 /* KeyboardShortcuts */; };
/* End PBXBuildFile section */

/* Begin PBXContainerItemProxy section */
		7A069E552F63654300427CF9 /* PBXContainerItemProxy */ = {
			isa = PBXContainerItemProxy;
			containerPortal = 7A069E3E2F63654100427CF9 /* Project object */;
			proxyType = 1;
			remoteGlobalIDString = 7A069E452F63654100427CF9;
			remoteInfo = Keypunch;
		};
		7A069E5F2F63654300427CF9 /* PBXContainerItemProxy */ = {
			isa = PBXContainerItemProxy;
			containerPortal = 7A069E3E2F63654100427CF9 /* Project object */;
			proxyType = 1;
			remoteGlobalIDString = 7A069E452F63654100427CF9;
			remoteInfo = Keypunch;
		};
/* End PBXContainerItemProxy section */

/* Begin PBXFileReference section */
		7A069E462F63654100427CF9 /* Keypunch.app */ = {isa = PBXFileReference; explicitFileType = wrapper.application; includeInIndex = 0; path = Keypunch.app; sourceTree = BUILT_PRODUCTS_DIR; };
		7A069E542F63654300427CF9 /* KeypunchTests.xctest */ = {isa = PBXFileReference; explicitFileType = wrapper.cfbundle; includeInIndex = 0; path = KeypunchTests.xctest; sourceTree = BUILT_PRODUCTS_DIR; };
		7A069E5E2F63654300427CF9 /* KeypunchUITests.xctest */ = {isa = PBXFileReference; explicitFileType = wrapper.cfbundle; includeInIndex = 0; path = KeypunchUITests.xctest; sourceTree = BUILT_PRODUCTS_DIR; };
/* End PBXFileReference section */

/* Begin PBXFileSystemSynchronizedRootGroup section */
		7A069E482F63654100427CF9 /* Keypunch */ = {
			isa = PBXFileSystemSynchronizedRootGroup;
			path = Keypunch;
			sourceTree = "<group>";
		};
		7A069E572F63654300427CF9 /* KeypunchTests */ = {
			isa = PBXFileSystemSynchronizedRootGroup;
			path = KeypunchTests;
			sourceTree = "<group>";
		};
		7A069E612F63654300427CF9 /* KeypunchUITests */ = {
			isa = PBXFileSystemSynchronizedRootGroup;
			path = KeypunchUITests;
			sourceTree = "<group>";
		};
/* End PBXFileSystemSynchronizedRootGroup section */

/* Begin PBXFrameworksBuildPhase section */
		7A069E432F63654100427CF9 /* Frameworks */ = {
			isa = PBXFrameworksBuildPhase;
			buildActionMask = 2147483647;
			files = (
				5AAC00012F70000100000003 /* Sparkle in Frameworks */,
				7A271B0F2F6FB1B700427CF9 /* KeyboardShortcuts in Frameworks */,
				7A271B0B2F6FA8D000427CF9 /* KeypunchKeyboardShortcuts in Frameworks */,
			);
			runOnlyForDeploymentPostprocessing = 0;
		};
		7A069E512F63654200427CF9 /* Frameworks */ = {
			isa = PBXFrameworksBuildPhase;
			buildActionMask = 2147483647;
			files = (
				7A271B102F6FB1B700427CF9 /* KeyboardShortcuts in Frameworks */,
				7A271B0C2F6FA8D000427CF9 /* KeypunchKeyboardShortcuts in Frameworks */,
			);
			runOnlyForDeploymentPostprocessing = 0;
		};
		7A069E5B2F63654300427CF9 /* Frameworks */ = {
			isa = PBXFrameworksBuildPhase;
			buildActionMask = 2147483647;
			files = (
			);
			runOnlyForDeploymentPostprocessing = 0;
		};
/* End PBXFrameworksBuildPhase section */

/* Begin PBXGroup section */
		7A069E3D2F63654100427CF9 = {
			isa = PBXGroup;
			children = (
				7A069E482F63654100427CF9 /* Keypunch */,
				7A069E572F63654300427CF9 /* KeypunchTests */,
				7A069E612F63654300427CF9 /* KeypunchUITests */,
				7A069E472F63654100427CF9 /* Products */,
			);
			sourceTree = "<group>";
		};
		7A069E472F63654100427CF9 /* Products */ = {
			isa = PBXGroup;
			children = (
				7A069E462F63654100427CF9 /* Keypunch.app */,
				7A069E542F63654300427CF9 /* KeypunchTests.xctest */,
				7A069E5E2F63654300427CF9 /* KeypunchUITests.xctest */,
			);
			name = Products;
			sourceTree = "<group>";
		};
/* End PBXGroup section */

/* Begin PBXNativeTarget section */
		7A069E452F63654100427CF9 /* Keypunch */ = {
			isa = PBXNativeTarget;
			buildConfigurationList = 7A069E682F63654300427CF9 /* Build configuration list for PBXNativeTarget "Keypunch" */;
			buildPhases = (
				AABB00012FA1B00100000001 /* Generate BuildInfo */,
				7A069E422F63654100427CF9 /* Sources */,
				7A069E432F63654100427CF9 /* Frameworks */,
				7A069E442F63654100427CF9 /* Resources */,
				AABB00012FA1B00100000002 /* Update Info.plist Version (overrides placeholder 0.0.0 with git tag) */,
			);
			buildRules = (
			);
			dependencies = (
			);
			fileSystemSynchronizedGroups = (
				7A069E482F63654100427CF9 /* Keypunch */,
			);
			name = Keypunch;
			packageProductDependencies = (
				5AAC00012F70000100000002 /* Sparkle */,
				7A271B112F6FB1B700427CF9 /* KeyboardShortcuts */,
				7A271B0D2F6FA8D000427CF9 /* KeypunchKeyboardShortcuts */,
			);
			productName = Keypunch;
			productReference = 7A069E462F63654100427CF9 /* Keypunch.app */;
			productType = "com.apple.product-type.application";
		};
		7A069E532F63654200427CF9 /* KeypunchTests */ = {
			isa = PBXNativeTarget;
			buildConfigurationList = 7A069E6B2F63654300427CF9 /* Build configuration list for PBXNativeTarget "KeypunchTests" */;
			buildPhases = (
				7A069E502F63654200427CF9 /* Sources */,
				7A069E512F63654200427CF9 /* Frameworks */,
				7A069E522F63654200427CF9 /* Resources */,
			);
			buildRules = (
			);
			dependencies = (
				7A069E562F63654300427CF9 /* PBXTargetDependency */,
			);
			fileSystemSynchronizedGroups = (
				7A069E572F63654300427CF9 /* KeypunchTests */,
			);
			name = KeypunchTests;
			packageProductDependencies = (
				7A271B122F6FB1B700427CF9 /* KeyboardShortcuts */,
				7A271B0E2F6FA8D000427CF9 /* KeypunchKeyboardShortcuts */,
			);
			productName = KeypunchTests;
			productReference = 7A069E542F63654300427CF9 /* KeypunchTests.xctest */;
			productType = "com.apple.product-type.bundle.unit-test";
		};
		7A069E5D2F63654300427CF9 /* KeypunchUITests */ = {
			isa = PBXNativeTarget;
			buildConfigurationList = 7A069E6E2F63654300427CF9 /* Build configuration list for PBXNativeTarget "KeypunchUITests" */;
			buildPhases = (
				7A069E5A2F63654300427CF9 /* Sources */,
				7A069E5B2F63654300427CF9 /* Frameworks */,
				7A069E5C2F63654300427CF9 /* Resources */,
			);
			buildRules = (
			);
			dependencies = (
				7A069E602F63654300427CF9 /* PBXTargetDependency */,
			);
			fileSystemSynchronizedGroups = (
				7A069E612F63654300427CF9 /* KeypunchUITests */,
			);
			name = KeypunchUITests;
			packageProductDependencies = (
			);
			productName = KeypunchUITests;
			productReference = 7A069E5E2F63654300427CF9 /* KeypunchUITests.xctest */;
			productType = "com.apple.product-type.bundle.ui-testing";
		};
/* End PBXNativeTarget section */

/* Begin PBXProject section */
		7A069E3E2F63654100427CF9 /* Project object */ = {
			isa = PBXProject;
			attributes = {
				BuildIndependentTargetsInParallel = 1;
				LastSwiftUpdateCheck = 1640;
				LastUpgradeCheck = 1640;
				TargetAttributes = {
					7A069E452F63654100427CF9 = {
						CreatedOnToolsVersion = 16.4;
					};
					7A069E532F63654200427CF9 = {
						CreatedOnToolsVersion = 16.4;
						TestTargetID = 7A069E452F63654100427CF9;
					};
					7A069E5D2F63654300427CF9 = {
						CreatedOnToolsVersion = 16.4;
						TestTargetID = 7A069E452F63654100427CF9;
					};
				};
			};
			buildConfigurationList = 7A069E412F63654100427CF9 /* Build configuration list for PBXProject "Keypunch" */;
			developmentRegion = en;
			hasScannedForEncodings = 0;
			knownRegions = (
				en,
				Base,
			);
			mainGroup = 7A069E3D2F63654100427CF9;
			minimizedProjectReferenceProxies = 1;
			packageReferences = (
				5AAC00012F70000100000001 /* XCRemoteSwiftPackageReference "Sparkle" */,
				7A271B0A2F6FA8D000427CF9 /* XCLocalSwiftPackageReference "Dependencies/KeypunchKeyboardShortcuts" */,
			);
			preferredProjectObjectVersion = 77;
			productRefGroup = 7A069E472F63654100427CF9 /* Products */;
			projectDirPath = "";
			projectRoot = "";
			targets = (
				7A069E452F63654100427CF9 /* Keypunch */,
				7A069E532F63654200427CF9 /* KeypunchTests */,
				7A069E5D2F63654300427CF9 /* KeypunchUITests */,
			);
		};
/* End PBXProject section */

/* Begin PBXResourcesBuildPhase section */
		7A069E442F63654100427CF9 /* Resources */ = {
			isa = PBXResourcesBuildPhase;
			buildActionMask = 2147483647;
			files = (
			);
			runOnlyForDeploymentPostprocessing = 0;
		};
		7A069E522F63654200427CF9 /* Resources */ = {
			isa = PBXResourcesBuildPhase;
			buildActionMask = 2147483647;
			files = (
			);
			runOnlyForDeploymentPostprocessing = 0;
		};
		7A069E5C2F63654300427CF9 /* Resources */ = {
			isa = PBXResourcesBuildPhase;
			buildActionMask = 2147483647;
			files = (
			);
			runOnlyForDeploymentPostprocessing = 0;
		};
/* End PBXResourcesBuildPhase section */

/* Begin PBXShellScriptBuildPhase section */
		AABB00012FA1B00100000001 /* Generate BuildInfo */ = {
			isa = PBXShellScriptBuildPhase;
			alwaysOutOfDate = 1;
			buildActionMask = 2147483647;
			files = (
			);
			inputPaths = (
			);
			name = "Generate BuildInfo";
			outputPaths = (
				"$(SRCROOT)/Keypunch/BuildInfo.generated.swift",
			);
			runOnlyForDeploymentPostprocessing = 0;
			shellPath = /bin/sh;
			shellScript = "GIT_HASH=$(git -C \"${SRCROOT}\" rev-parse --short HEAD 2>/dev/null || echo \"unknown\")\nGIT_HASH_FULL=$(git -C \"${SRCROOT}\" rev-parse HEAD 2>/dev/null || echo \"unknown\")\nGIT_TAG=$(git -C \"${SRCROOT}\" describe --tags --abbrev=0 2>/dev/null || echo \"0.0.0\")\nGIT_VERSION=${GIT_TAG#v}\nOUTPUT=\"${SRCROOT}/Keypunch/BuildInfo.generated.swift\"\necho \"// Auto-generated by Xcode Build Phase. Do not edit.\" > \"$OUTPUT\"\necho \"enum BuildInfo {\" >> \"$OUTPUT\"\necho \"    static let gitCommitHash = \\\"${GIT_HASH}\\\"\" >> \"$OUTPUT\"\necho \"    static let gitCommitHashFull = \\\"${GIT_HASH_FULL}\\\"\" >> \"$OUTPUT\"\necho \"    static let version = \\\"${GIT_VERSION}\\\"\" >> \"$OUTPUT\"\necho \"}\" >> \"$OUTPUT\"\n";
		};
		AABB00012FA1B00100000002 /* Update Info.plist Version (overrides placeholder 0.0.0 with git tag) */ = {
			isa = PBXShellScriptBuildPhase;
			alwaysOutOfDate = 1;
			buildActionMask = 2147483647;
			files = (
			);
			inputPaths = (
			);
			name = "Update Info.plist Version (overrides placeholder 0.0.0 with git tag)";
			outputPaths = (
			);
			runOnlyForDeploymentPostprocessing = 0;
			shellPath = /bin/sh;
			shellScript = "GIT_TAG=$(git -C \"${SRCROOT}\" describe --tags --abbrev=0 2>/dev/null || echo \"v0.0.0\")\nGIT_VERSION=${GIT_TAG#v}\nPLIST=\"${TARGET_BUILD_DIR}/${INFOPLIST_PATH}\"\nif [ -f \"$PLIST\" ]; then\n    /usr/libexec/PlistBuddy -c \"Set :CFBundleShortVersionString ${GIT_VERSION}\" \"$PLIST\"\n    /usr/libexec/PlistBuddy -c \"Set :CFBundleVersion ${GIT_VERSION}\" \"$PLIST\"\n    /usr/libexec/PlistBuddy -c \"Add :SUFeedURL string https://mkusaka.github.io/keypunch/appcast.xml\" \"$PLIST\" 2>/dev/null || /usr/libexec/PlistBuddy -c \"Set :SUFeedURL https://mkusaka.github.io/keypunch/appcast.xml\" \"$PLIST\"\n    /usr/libexec/PlistBuddy -c \"Add :SUPublicEDKey string k3iDdoME7CuJwteINJWaU/qt/O9OF6AENSloZfmlhdo=\" \"$PLIST\" 2>/dev/null || /usr/libexec/PlistBuddy -c \"Set :SUPublicEDKey k3iDdoME7CuJwteINJWaU/qt/O9OF6AENSloZfmlhdo=\" \"$PLIST\"\nfi\n";
		};
/* End PBXShellScriptBuildPhase section */

/* Begin PBXSourcesBuildPhase section */
		7A069E422F63654100427CF9 /* Sources */ = {
			isa = PBXSourcesBuildPhase;
			buildActionMask = 2147483647;
			files = (
			);
			runOnlyForDeploymentPostprocessing = 0;
		};
		7A069E502F63654200427CF9 /* Sources */ = {
			isa = PBXSourcesBuildPhase;
			buildActionMask = 2147483647;
			files = (
			);
			runOnlyForDeploymentPostprocessing = 0;
		};
		7A069E5A2F63654300427CF9 /* Sources */ = {
			isa = PBXSourcesBuildPhase;
			buildActionMask = 2147483647;
			files = (
			);
			runOnlyForDeploymentPostprocessing = 0;
		};
/* End PBXSourcesBuildPhase section */

/* Begin PBXTargetDependency section */
		7A069E562F63654300427CF9 /* PBXTargetDependency */ = {
			isa = PBXTargetDependency;
			target = 7A069E452F63654100427CF9 /* Keypunch */;
			targetProxy = 7A069E552F63654300427CF9 /* PBXContainerItemProxy */;
		};
		7A069E602F63654300427CF9 /* PBXTargetDependency */ = {
			isa = PBXTargetDependency;
			target = 7A069E452F63654100427CF9 /* Keypunch */;
			targetProxy = 7A069E5F2F63654300427CF9 /* PBXContainerItemProxy */;
		};
/* End PBXTargetDependency section */

/* Begin XCBuildConfiguration section */
		7A069E662F63654300427CF9 /* Debug */ = {
			isa = XCBuildConfiguration;
			buildSettings = {
				ALWAYS_SEARCH_USER_PATHS = NO;
				ASSETCATALOG_COMPILER_GENERATE_SWIFT_ASSET_SYMBOL_EXTENSIONS = YES;
				CLANG_ANALYZER_NONNULL = YES;
				CLANG_ANALYZER_NUMBER_OBJECT_CONVERSION = YES_AGGRESSIVE;
				CLANG_CXX_LANGUAGE_STANDARD = "gnu++20";
				CLANG_ENABLE_MODULES = YES;
				CLANG_ENABLE_OBJC_ARC = YES;
				CLANG_ENABLE_OBJC_WEAK = YES;
				CLANG_WARN_BLOCK_CAPTURE_AUTORELEASING = YES;
				CLANG_WARN_BOOL_CONVERSION = YES;
				CLANG_WARN_COMMA = YES;
				CLANG_WARN_CONSTANT_CONVERSION = YES;
				CLANG_WARN_DEPRECATED_OBJC_IMPLEMENTATIONS = YES;
				CLANG_WARN_DIRECT_OBJC_ISA_USAGE = YES_ERROR;
				CLANG_WARN_DOCUMENTATION_COMMENTS = YES;
				CLANG_WARN_EMPTY_BODY = YES;
				CLANG_WARN_ENUM_CONVERSION = YES;
				CLANG_WARN_INFINITE_RECURSION = YES;
				CLANG_WARN_INT_CONVERSION = YES;
				CLANG_WARN_NON_LITERAL_NULL_CONVERSION = YES;
				CLANG_WARN_OBJC_IMPLICIT_RETAIN_SELF = YES;
				CLANG_WARN_OBJC_LITERAL_CONVERSION = YES;
				CLANG_WARN_OBJC_ROOT_CLASS = YES_ERROR;
				CLANG_WARN_QUOTED_INCLUDE_IN_FRAMEWORK_HEADER = YES;
				CLANG_WARN_RANGE_LOOP_ANALYSIS = YES;
				CLANG_WARN_STRICT_PROTOTYPES = YES;
				CLANG_WARN_SUSPICIOUS_MOVE = YES;
				CLANG_WARN_UNGUARDED_AVAILABILITY = YES_AGGRESSIVE;
				CLANG_WARN_UNREACHABLE_CODE = YES;
				CLANG_WARN__DUPLICATE_METHOD_MATCH = YES;
				COPY_PHASE_STRIP = NO;
				DEBUG_INFORMATION_FORMAT = dwarf;
				ENABLE_STRICT_OBJC_MSGSEND = YES;
				ENABLE_TESTABILITY = YES;
				ENABLE_USER_SCRIPT_SANDBOXING = NO;
				GCC_C_LANGUAGE_STANDARD = gnu17;
				GCC_DYNAMIC_NO_PIC = NO;
				GCC_NO_COMMON_BLOCKS = YES;
				GCC_OPTIMIZATION_LEVEL = 0;
				GCC_PREPROCESSOR_DEFINITIONS = (
					"DEBUG=1",
					"$(inherited)",
				);
				GCC_WARN_64_TO_32_BIT_CONVERSION = YES;
				GCC_WARN_ABOUT_RETURN_TYPE = YES_ERROR;
				GCC_WARN_UNDECLARED_SELECTOR = YES;
				GCC_WARN_UNINITIALIZED_AUTOS = YES_AGGRESSIVE;
				GCC_WARN_UNUSED_FUNCTION = YES;
				GCC_WARN_UNUSED_VARIABLE = YES;
				LOCALIZATION_PREFERS_STRING_CATALOGS = YES;
				MACOSX_DEPLOYMENT_TARGET = 15.5;
				MTL_ENABLE_DEBUG_INFO = INCLUDE_SOURCE;
				MTL_FAST_MATH = YES;
				ONLY_ACTIVE_ARCH = YES;
				SDKROOT = macosx;
				SWIFT_ACTIVE_COMPILATION_CONDITIONS = "DEBUG $(inherited)";
				SWIFT_OPTIMIZATION_LEVEL = "-Onone";
			};
			name = Debug;
		};
		7A069E672F63654300427CF9 /* Release */ = {
			isa = XCBuildConfiguration;
			buildSettings = {
				ALWAYS_SEARCH_USER_PATHS = NO;
				ASSETCATALOG_COMPILER_GENERATE_SWIFT_ASSET_SYMBOL_EXTENSIONS = YES;
				CLANG_ANALYZER_NONNULL = YES;
				CLANG_ANALYZER_NUMBER_OBJECT_CONVERSION = YES_AGGRESSIVE;
				CLANG_CXX_LANGUAGE_STANDARD = "gnu++20";
				CLANG_ENABLE_MODULES = YES;
				CLANG_ENABLE_OBJC_ARC = YES;
				CLANG_ENABLE_OBJC_WEAK = YES;
				CLANG_WARN_BLOCK_CAPTURE_AUTORELEASING = YES;
				CLANG_WARN_BOOL_CONVERSION = YES;
				CLANG_WARN_COMMA = YES;
				CLANG_WARN_CONSTANT_CONVERSION = YES;
				CLANG_WARN_DEPRECATED_OBJC_IMPLEMENTATIONS = YES;
				CLANG_WARN_DIRECT_OBJC_ISA_USAGE = YES_ERROR;
				CLANG_WARN_DOCUMENTATION_COMMENTS = YES;
				CLANG_WARN_EMPTY_BODY = YES;
				CLANG_WARN_ENUM_CONVERSION = YES;
				CLANG_WARN_INFINITE_RECURSION = YES;
				CLANG_WARN_INT_CONVERSION = YES;
				CLANG_WARN_NON_LITERAL_NULL_CONVERSION = YES;
				CLANG_WARN_OBJC_IMPLICIT_RETAIN_SELF = YES;
				CLANG_WARN_OBJC_LITERAL_CONVERSION = YES;
				CLANG_WARN_OBJC_ROOT_CLASS = YES_ERROR;
				CLANG_WARN_QUOTED_INCLUDE_IN_FRAMEWORK_HEADER = YES;
				CLANG_WARN_RANGE_LOOP_ANALYSIS = YES;
				CLANG_WARN_STRICT_PROTOTYPES = YES;
				CLANG_WARN_SUSPICIOUS_MOVE = YES;
				CLANG_WARN_UNGUARDED_AVAILABILITY = YES_AGGRESSIVE;
				CLANG_WARN_UNREACHABLE_CODE = YES;
				CLANG_WARN__DUPLICATE_METHOD_MATCH = YES;
				COPY_PHASE_STRIP = NO;
				DEBUG_INFORMATION_FORMAT = "dwarf-with-dsym";
				ENABLE_NS_ASSERTIONS = NO;
				ENABLE_STRICT_OBJC_MSGSEND = YES;
				ENABLE_USER_SCRIPT_SANDBOXING = NO;
				GCC_C_LANGUAGE_STANDARD = gnu17;
				GCC_NO_COMMON_BLOCKS = YES;
				GCC_WARN_64_TO_32_BIT_CONVERSION = YES;
				GCC_WARN_ABOUT_RETURN_TYPE = YES_ERROR;
				GCC_WARN_UNDECLARED_SELECTOR = YES;
				GCC_WARN_UNINITIALIZED_AUTOS = YES_AGGRESSIVE;
				GCC_WARN_UNUSED_FUNCTION = YES;
				GCC_WARN_UNUSED_VARIABLE = YES;
				LOCALIZATION_PREFERS_STRING_CATALOGS = YES;
				MACOSX_DEPLOYMENT_TARGET = 15.5;
				MTL_ENABLE_DEBUG_INFO = NO;
				MTL_FAST_MATH = YES;
				SDKROOT = macosx;
				SWIFT_COMPILATION_MODE = wholemodule;
			};
			name = Release;
		};
		7A069E692F63654300427CF9 /* Debug */ = {
			isa = XCBuildConfiguration;
			buildSettings = {
				ASSETCATALOG_COMPILER_APPICON_NAME = AppIcon;
				ASSETCATALOG_COMPILER_GLOBAL_ACCENT_COLOR_NAME = AccentColor;
				CODE_SIGN_ENTITLEMENTS = Keypunch/Keypunch.entitlements;
				CODE_SIGN_STYLE = Automatic;
				COMBINE_HIDPI_IMAGES = YES;
				CURRENT_PROJECT_VERSION = 0.0.0;
				ENABLE_HARDENED_RUNTIME = YES;
				ENABLE_PREVIEWS = YES;
				GENERATE_INFOPLIST_FILE = YES;
				INFOPLIST_KEY_LSUIElement = YES;
				INFOPLIST_KEY_NSHumanReadableCopyright = "";
				LD_RUNPATH_SEARCH_PATHS = (
					"$(inherited)",
					"@executable_path/../Frameworks",
				);
				MARKETING_VERSION = 0.0.0;
				PRODUCT_BUNDLE_IDENTIFIER = com.mkusaka.Keypunch;
				PRODUCT_NAME = "$(TARGET_NAME)";
				REGISTER_APP_GROUPS = YES;
				SWIFT_EMIT_LOC_STRINGS = YES;
				SWIFT_VERSION = 5.0;
			};
			name = Debug;
		};
		7A069E6A2F63654300427CF9 /* Release */ = {
			isa = XCBuildConfiguration;
			buildSettings = {
				ASSETCATALOG_COMPILER_APPICON_NAME = AppIcon;
				ASSETCATALOG_COMPILER_GLOBAL_ACCENT_COLOR_NAME = AccentColor;
				CODE_SIGN_ENTITLEMENTS = Keypunch/Keypunch.entitlements;
				CODE_SIGN_STYLE = Automatic;
				COMBINE_HIDPI_IMAGES = YES;
				CURRENT_PROJECT_VERSION = 0.0.0;
				ENABLE_PREVIEWS = YES;
				GENERATE_INFOPLIST_FILE = YES;
				INFOPLIST_KEY_LSUIElement = YES;
				INFOPLIST_KEY_NSHumanReadableCopyright = "";
				LD_RUNPATH_SEARCH_PATHS = (
					"$(inherited)",
					"@executable_path/../Frameworks",
				);
				MARKETING_VERSION = 0.0.0;
				PRODUCT_BUNDLE_IDENTIFIER = com.mkusaka.Keypunch;
				PRODUCT_NAME = "$(TARGET_NAME)";
				REGISTER_APP_GROUPS = YES;
				SWIFT_EMIT_LOC_STRINGS = YES;
				SWIFT_VERSION = 5.0;
			};
			name = Release;
		};
		7A069E6C2F63654300427CF9 /* Debug */ = {
			isa = XCBuildConfiguration;
			buildSettings = {
				BUNDLE_LOADER = "$(TEST_HOST)";
				CODE_SIGN_STYLE = Automatic;
				CURRENT_PROJECT_VERSION = 0.0.0;
				GENERATE_INFOPLIST_FILE = YES;
				MACOSX_DEPLOYMENT_TARGET = 15.5;
				MARKETING_VERSION = 0.0.0;
				PRODUCT_BUNDLE_IDENTIFIER = com.mkusaka.KeypunchTests;
				PRODUCT_NAME = "$(TARGET_NAME)";
				SWIFT_EMIT_LOC_STRINGS = NO;
				SWIFT_VERSION = 5.0;
				TEST_HOST = "$(BUILT_PRODUCTS_DIR)/Keypunch.app/$(BUNDLE_EXECUTABLE_FOLDER_PATH)/Keypunch";
			};
			name = Debug;
		};
		7A069E6D2F63654300427CF9 /* Release */ = {
			isa = XCBuildConfiguration;
			buildSettings = {
				BUNDLE_LOADER = "$(TEST_HOST)";
				CODE_SIGN_STYLE = Automatic;
				CURRENT_PROJECT_VERSION = 0.0.0;
				GENERATE_INFOPLIST_FILE = YES;
				MACOSX_DEPLOYMENT_TARGET = 15.5;
				MARKETING_VERSION = 0.0.0;
				PRODUCT_BUNDLE_IDENTIFIER = com.mkusaka.KeypunchTests;
				PRODUCT_NAME = "$(TARGET_NAME)";
				SWIFT_EMIT_LOC_STRINGS = NO;
				SWIFT_VERSION = 5.0;
				TEST_HOST = "$(BUILT_PRODUCTS_DIR)/Keypunch.app/$(BUNDLE_EXECUTABLE_FOLDER_PATH)/Keypunch";
			};
			name = Release;
		};
		7A069E6F2F63654300427CF9 /* Debug */ = {
			isa = XCBuildConfiguration;
			buildSettings = {
				CODE_SIGN_STYLE = Automatic;
				CURRENT_PROJECT_VERSION = 0.0.0;
				GENERATE_INFOPLIST_FILE = YES;
				MARKETING_VERSION = 0.0.0;
				PRODUCT_BUNDLE_IDENTIFIER = com.mkusaka.KeypunchUITests;
				PRODUCT_NAME = "$(TARGET_NAME)";
				SWIFT_EMIT_LOC_STRINGS = NO;
				SWIFT_VERSION = 5.0;
				TEST_TARGET_NAME = Keypunch;
			};
			name = Debug;
		};
		7A069E702F63654300427CF9 /* Release */ = {
			isa = XCBuildConfiguration;
			buildSettings = {
				CODE_SIGN_STYLE = Automatic;
				CURRENT_PROJECT_VERSION = 0.0.0;
				GENERATE_INFOPLIST_FILE = YES;
				MARKETING_VERSION = 0.0.0;
				PRODUCT_BUNDLE_IDENTIFIER = com.mkusaka.KeypunchUITests;
				PRODUCT_NAME = "$(TARGET_NAME)";
				SWIFT_EMIT_LOC_STRINGS = NO;
				SWIFT_VERSION = 5.0;
				TEST_TARGET_NAME = Keypunch;
			};
			name = Release;
		};
/* End XCBuildConfiguration section */

/* Begin XCConfigurationList section */
		7A069E412F63654100427CF9 /* Build configuration list for PBXProject "Keypunch" */ = {
			isa = XCConfigurationList;
			buildConfigurations = (
				7A069E662F63654300427CF9 /* Debug */,
				7A069E672F63654300427CF9 /* Release */,
			);
			defaultConfigurationIsVisible = 0;
			defaultConfigurationName = Release;
		};
		7A069E682F63654300427CF9 /* Build configuration list for PBXNativeTarget "Keypunch" */ = {
			isa = XCConfigurationList;
			buildConfigurations = (
				7A069E692F63654300427CF9 /* Debug */,
				7A069E6A2F63654300427CF9 /* Release */,
			);
			defaultConfigurationIsVisible = 0;
			defaultConfigurationName = Release;
		};
		7A069E6B2F63654300427CF9 /* Build configuration list for PBXNativeTarget "KeypunchTests" */ = {
			isa = XCConfigurationList;
			buildConfigurations = (
				7A069E6C2F63654300427CF9 /* Debug */,
				7A069E6D2F63654300427CF9 /* Release */,
			);
			defaultConfigurationIsVisible = 0;
			defaultConfigurationName = Release;
		};
		7A069E6E2F63654300427CF9 /* Build configuration list for PBXNativeTarget "KeypunchUITests" */ = {
			isa = XCConfigurationList;
			buildConfigurations = (
				7A069E6F2F63654300427CF9 /* Debug */,
				7A069E702F63654300427CF9 /* Release */,
			);
			defaultConfigurationIsVisible = 0;
			defaultConfigurationName = Release;
		};
/* End XCConfigurationList section */

/* Begin XCLocalSwiftPackageReference section */
		7A271B0A2F6FA8D000427CF9 /* XCLocalSwiftPackageReference "Dependencies/KeypunchKeyboardShortcuts" */ = {
			isa = XCLocalSwiftPackageReference;
			relativePath = Dependencies/KeypunchKeyboardShortcuts;
		};
/* End XCLocalSwiftPackageReference section */

/* Begin XCRemoteSwiftPackageReference section */
		5AAC00012F70000100000001 /* XCRemoteSwiftPackageReference "Sparkle" */ = {
			isa = XCRemoteSwiftPackageReference;
			repositoryURL = "https://github.com/sparkle-project/Sparkle";
			requirement = {
				kind = upToNextMajorVersion;
				minimumVersion = 2.9.0;
			};
		};
/* End XCRemoteSwiftPackageReference section */

/* Begin XCSwiftPackageProductDependency section */
		5AAC00012F70000100000002 /* Sparkle */ = {
			isa = XCSwiftPackageProductDependency;
			package = 5AAC00012F70000100000001 /* XCRemoteSwiftPackageReference "Sparkle" */;
			productName = Sparkle;
		};
		7A271B0D2F6FA8D000427CF9 /* KeypunchKeyboardShortcuts */ = {
			isa = XCSwiftPackageProductDependency;
			productName = KeypunchKeyboardShortcuts;
		};
		7A271B0E2F6FA8D000427CF9 /* KeypunchKeyboardShortcuts */ = {
			isa = XCSwiftPackageProductDependency;
			productName = KeypunchKeyboardShortcuts;
		};
		7A271B112F6FB1B700427CF9 /* KeyboardShortcuts */ = {
			isa = XCSwiftPackageProductDependency;
			productName = KeyboardShortcuts;
		};
		7A271B122F6FB1B700427CF9 /* KeyboardShortcuts */ = {
			isa = XCSwiftPackageProductDependency;
			productName = KeyboardShortcuts;
		};
/* End XCSwiftPackageProductDependency section */
	};
	rootObject = 7A069E3E2F63654100427CF9 /* Project object */;
}
